// !$*UTF8*$!
{
	archiveVersion = 1;
	classes = {
	};
	objectVersion = 55;
	objects = {

/* Begin PBXBuildFile section */
		BA453B4728029D1E00391C29 /* AppDelegate.swift in Sources */ = {isa = PBXBuildFile; fileRef = BA453B4628029D1E00391C29 /* AppDelegate.swift */; };
		BA453B4928029D1E00391C29 /* SceneDelegate.swift in Sources */ = {isa = PBXBuildFile; fileRef = BA453B4828029D1E00391C29 /* SceneDelegate.swift */; };
		BA453B4B28029D1E00391C29 /* ViewController.swift in Sources */ = {isa = PBXBuildFile; fileRef = BA453B4A28029D1E00391C29 /* ViewController.swift */; };
		BA453B4E28029D1E00391C29 /* Main.storyboard in Resources */ = {isa = PBXBuildFile; fileRef = BA453B4C28029D1E00391C29 /* Main.storyboard */; };
		BA453B5028029D1F00391C29 /* Assets.xcassets in Resources */ = {isa = PBXBuildFile; fileRef = BA453B4F28029D1F00391C29 /* Assets.xcassets */; };
		BA453B5328029D1F00391C29 /* LaunchScreen.storyboard in Resources */ = {isa = PBXBuildFile; fileRef = BA453B5128029D1F00391C29 /* LaunchScreen.storyboard */; };
		BA453B5B28029D7C00391C29 /* GoogleService-Info.plist in Resources */ = {isa = PBXBuildFile; fileRef = BA453B5A28029D7C00391C29 /* GoogleService-Info.plist */; };
		BA453B5E28029DBC00391C29 /* FirebaseAnalytics in Frameworks */ = {isa = PBXBuildFile; productRef = BA453B5D28029DBC00391C29 /* FirebaseAnalytics */; };
		BA453B6028029DBC00391C29 /* FirebaseAuth in Frameworks */ = {isa = PBXBuildFile; productRef = BA453B5F28029DBC00391C29 /* FirebaseAuth */; };
		BA453B6228029DBC00391C29 /* FirebaseMessaging in Frameworks */ = {isa = PBXBuildFile; productRef = BA453B6128029DBC00391C29 /* FirebaseMessaging */; };
/* End PBXBuildFile section */

/* Begin PBXFileReference section */
		BA453B4328029D1E00391C29 /* a202apns.app */ = {isa = PBXFileReference; explicitFileType = wrapper.application; includeInIndex = 0; path = a202apns.app; sourceTree = BUILT_PRODUCTS_DIR; };
		BA453B4628029D1E00391C29 /* AppDelegate.swift */ = {isa = PBXFileReference; lastKnownFileType = sourcecode.swift; path = AppDelegate.swift; sourceTree = "<group>"; };
		BA453B4828029D1E00391C29 /* SceneDelegate.swift */ = {isa = PBXFileReference; lastKnownFileType = sourcecode.swift; path = SceneDelegate.swift; sourceTree = "<group>"; };
		BA453B4A28029D1E00391C29 /* ViewController.swift */ = {isa = PBXFileReference; lastKnownFileType = sourcecode.swift; path = ViewController.swift; sourceTree = "<group>"; };
		BA453B4D28029D1E00391C29 /* Base */ = {isa = PBXFileReference; lastKnownFileType = file.storyboard; name = Base; path = Base.lproj/Main.storyboard; sourceTree = "<group>"; };
		BA453B4F28029D1F00391C29 /* Assets.xcassets */ = {isa = PBXFileReference; lastKnownFileType = folder.assetcatalog; path = Assets.xcassets; sourceTree = "<group>"; };
		BA453B5228029D1F00391C29 /* Base */ = {isa = PBXFileReference; lastKnownFileType = file.storyboard; name = Base; path = Base.lproj/LaunchScreen.storyboard; sourceTree = "<group>"; };
		BA453B5428029D1F00391C29 /* Info.plist */ = {isa = PBXFileReference; lastKnownFileType = text.plist.xml; path = Info.plist; sourceTree = "<group>"; };
		BA453B5A28029D7C00391C29 /* GoogleService-Info.plist */ = {isa = PBXFileReference; fileEncoding = 4; lastKnownFileType = text.plist.xml; path = "GoogleService-Info.plist"; sourceTree = "<group>"; };
		BA453B632802A28F00391C29 /* a202apns.entitlements */ = {isa = PBXFileReference; lastKnownFileType = text.plist.entitlements; path = a202apns.entitlements; sourceTree = "<group>"; };
/* End PBXFileReference section */

/* Begin PBXFrameworksBuildPhase section */
		BA453B4028029D1E00391C29 /* Frameworks */ = {
			isa = PBXFrameworksBuildPhase;
			buildActionMask = 2147483647;
			files = (
				BA453B6228029DBC00391C29 /* FirebaseMessaging in Frameworks */,
				BA453B5E28029DBC00391C29 /* FirebaseAnalytics in Frameworks */,
				BA453B6028029DBC00391C29 /* FirebaseAuth in Frameworks */,
			);
			runOnlyForDeploymentPostprocessing = 0;
		};
/* End PBXFrameworksBuildPhase section */

/* Begin PBXGroup section */
		BA453B3A28029D1E00391C29 = {
			isa = PBXGroup;
			children = (
				BA453B4528029D1E00391C29 /* a202apns */,
				BA453B4428029D1E00391C29 /* Products */,
			);
			sourceTree = "<group>";
		};
		BA453B4428029D1E00391C29 /* Products */ = {
			isa = PBXGroup;
			children = (
				BA453B4328029D1E00391C29 /* a202apns.app */,
			);
			name = Products;
			sourceTree = "<group>";
		};
		BA453B4528029D1E00391C29 /* a202apns */ = {
			isa = PBXGroup;
			children = (
				BA453B632802A28F00391C29 /* a202apns.entitlements */,
				BA453B5A28029D7C00391C29 /* GoogleService-Info.plist */,
				BA453B4628029D1E00391C29 /* AppDelegate.swift */,
				BA453B4828029D1E00391C29 /* SceneDelegate.swift */,
				BA453B4A28029D1E00391C29 /* ViewController.swift */,
				BA453B4C28029D1E00391C29 /* Main.storyboard */,
				BA453B4F28029D1F00391C29 /* Assets.xcassets */,
				BA453B5128029D1F00391C29 /* LaunchScreen.storyboard */,
				BA453B5428029D1F00391C29 /* Info.plist */,
			);
			path = a202apns;
			sourceTree = "<group>";
		};
/* End PBXGroup section */

/* Begin PBXNativeTarget section */
		BA453B4228029D1E00391C29 /* a202apns */ = {
			isa = PBXNativeTarget;
			buildConfigurationList = BA453B5728029D1F00391C29 /* Build configuration list for PBXNativeTarget "a202apns" */;
			buildPhases = (
				BA453B3F28029D1E00391C29 /* Sources */,
				BA453B4028029D1E00391C29 /* Frameworks */,
				BA453B4128029D1E00391C29 /* Resources */,
			);
			buildRules = (
			);
			dependencies = (
			);
			name = a202apns;
			packageProductDependencies = (
				BA453B5D28029DBC00391C29 /* FirebaseAnalytics */,
				BA453B5F28029DBC00391C29 /* FirebaseAuth */,
				BA453B6128029DBC00391C29 /* FirebaseMessaging */,
			);
			productName = a202apns;
			productReference = BA453B4328029D1E00391C29 /* a202apns.app */;
			productType = "com.apple.product-type.application";
		};
/* End PBXNativeTarget section */

/* Begin PBXProject section */
		BA453B3B28029D1E00391C29 /* Project object */ = {
			isa = PBXProject;
			attributes = {
				BuildIndependentTargetsInParallel = 1;
				LastSwiftUpdateCheck = 1330;
				LastUpgradeCheck = 1330;
				TargetAttributes = {
					BA453B4228029D1E00391C29 = {
						CreatedOnToolsVersion = 13.3;
					};
				};
			};
			buildConfigurationList = BA453B3E28029D1E00391C29 /* Build configuration list for PBXProject "a202apns" */;
			compatibilityVersion = "Xcode 13.0";
			developmentRegion = en;
			hasScannedForEncodings = 0;
			knownRegions = (
				en,
				Base,
			);
			mainGroup = BA453B3A28029D1E00391C29;
			packageReferences = (
				BA453B5C28029DBC00391C29 /* XCRemoteSwiftPackageReference "firebase-ios-sdk" */,
			);
			productRefGroup = BA453B4428029D1E00391C29 /* Products */;
			projectDirPath = "";
			projectRoot = "";
			targets = (
				BA453B4228029D1E00391C29 /* a202apns */,
			);
		};
/* End PBXProject section */

/* Begin PBXResourcesBuildPhase section */
		BA453B4128029D1E00391C29 /* Resources */ = {
			isa = PBXResourcesBuildPhase;
			buildActionMask = 2147483647;
			files = (
				BA453B5328029D1F00391C29 /* LaunchScreen.storyboard in Resources */,
				BA453B5B28029D7C00391C29 /* GoogleService-Info.plist in Resources */,
				BA453B5028029D1F00391C29 /* Assets.xcassets in Resources */,
				BA453B4E28029D1E00391C29 /* Main.storyboard in Resources */,
			);
			runOnlyForDeploymentPostprocessing = 0;
		};
/* End PBXResourcesBuildPhase section */

/* Begin PBXSourcesBuildPhase section */
		BA453B3F28029D1E00391C29 /* Sources */ = {
			isa = PBXSourcesBuildPhase;
			buildActionMask = 2147483647;
			files = (
				BA453B4B28029D1E00391C29 /* ViewController.swift in Sources */,
				BA453B4728029D1E00391C29 /* AppDelegate.swift in Sources */,
				BA453B4928029D1E00391C29 /* SceneDelegate.swift in Sources */,
			);
			runOnlyForDeploymentPostprocessing = 0;
		};
/* End PBXSourcesBuildPhase section */

/* Begin PBXVariantGroup section */
		BA453B4C28029D1E00391C29 /* Main.storyboard */ = {
			isa = PBXVariantGroup;
			children = (
				BA453B4D28029D1E00391C29 /* Base */,
			);
			name = Main.storyboard;
			sourceTree = "<group>";
		};
		BA453B5128029D1F00391C29 /* LaunchScreen.storyboard */ = {
			isa = PBXVariantGroup;
			children = (
				BA453B5228029D1F00391C29 /* Base */,
			);
			name = LaunchScreen.storyboard;
			sourceTree = "<group>";
		};
/* End PBXVariantGroup section */

/* Begin XCBuildConfiguration section */
		BA453B5528029D1F00391C29 /* Debug */ = {
			isa = XCBuildConfiguration;
			buildSettings = {
				ALWAYS_SEARCH_USER_PATHS = NO;
				CLANG_ANALYZER_NONNULL = YES;
				CLANG_ANALYZER_NUMBER_OBJECT_CONVERSION = YES_AGGRESSIVE;
				CLANG_CXX_LANGUAGE_STANDARD = "gnu++17";
				CLANG_ENABLE_MODULES = YES;
				CLANG_ENABLE_OBJC_ARC = YES;
				CLANG_ENABLE_OBJC_WEAK = YES;
				CLANG_WARN_BLOCK_CAPTURE_AUTORELEASING = YES;
				CLANG_WARN_BOOL_CONVERSION = YES;
				CLANG_WARN_COMMA = YES;
				CLANG_WARN_CONSTANT_CONVERSION = YES;
				CLANG_WARN_DEPRECATED_OBJC_IMPLEMENTATIONS = YES;
				CLANG_WARN_DIRECT_OBJC_ISA_USAGE = YES_ERROR;
				CLANG_WARN_DOCUMENTATION_COMMENTS = YES;
				CLANG_WARN_EMPTY_BODY = YES;
				CLANG_WARN_ENUM_CONVERSION = YES;
				CLANG_WARN_INFINITE_RECURSION = YES;
				CLANG_WARN_INT_CONVERSION = YES;
				CLANG_WARN_NON_LITERAL_NULL_CONVERSION = YES;
				CLANG_WARN_OBJC_IMPLICIT_RETAIN_SELF = YES;
				CLANG_WARN_OBJC_LITERAL_CONVERSION = YES;
				CLANG_WARN_OBJC_ROOT_CLASS = YES_ERROR;
				CLANG_WARN_QUOTED_INCLUDE_IN_FRAMEWORK_HEADER = YES;
				CLANG_WARN_RANGE_LOOP_ANALYSIS = YES;
				CLANG_WARN_STRICT_PROTOTYPES = YES;
				CLANG_WARN_SUSPICIOUS_MOVE = YES;
				CLANG_WARN_UNGUARDED_AVAILABILITY = YES_AGGRESSIVE;
				CLANG_WARN_UNREACHABLE_CODE = YES;
				CLANG_WARN__DUPLICATE_METHOD_MATCH = YES;
				COPY_PHASE_STRIP = NO;
				DEBUG_INFORMATION_FORMAT = dwarf;
				ENABLE_STRICT_OBJC_MSGSEND = YES;
				ENABLE_TESTABILITY = YES;
				GCC_C_LANGUAGE_STANDARD = gnu11;
				GCC_DYNAMIC_NO_PIC = NO;
				GCC_NO_COMMON_BLOCKS = YES;
				GCC_OPTIMIZATION_LEVEL = 0;
				GCC_PREPROCESSOR_DEFINITIONS = (
					"DEBUG=1",
					"$(inherited)",
				);
				GCC_WARN_64_TO_32_BIT_CONVERSION = YES;
				GCC_WARN_ABOUT_RETURN_TYPE = YES_ERROR;
				GCC_WARN_UNDECLARED_SELECTOR = YES;
				GCC_WARN_UNINITIALIZED_AUTOS = YES_AGGRESSIVE;
				GCC_WARN_UNUSED_FUNCTION = YES;
				GCC_WARN_UNUSED_VARIABLE = YES;
				IPHONEOS_DEPLOYMENT_TARGET = 15.4;
				MTL_ENABLE_DEBUG_INFO = INCLUDE_SOURCE;
				MTL_FAST_MATH = YES;
				ONLY_ACTIVE_ARCH = YES;
				SDKROOT = iphoneos;
				SWIFT_ACTIVE_COMPILATION_CONDITIONS = DEBUG;
				SWIFT_OPTIMIZATION_LEVEL = "-Onone";
			};
			name = Debug;
		};
		BA453B5628029D1F00391C29 /* Release */ = {
			isa = XCBuildConfiguration;
			buildSettings = {
				ALWAYS_SEARCH_USER_PATHS = NO;
				CLANG_ANALYZER_NONNULL = YES;
				CLANG_ANALYZER_NUMBER_OBJECT_CONVERSION = YES_AGGRESSIVE;
				CLANG_CXX_LANGUAGE_STANDARD = "gnu++17";
				CLANG_ENABLE_MODULES = YES;
				CLANG_ENABLE_OBJC_ARC = YES;
				CLANG_ENABLE_OBJC_WEAK = YES;
				CLANG_WARN_BLOCK_CAPTURE_AUTORELEASING = YES;
				CLANG_WARN_BOOL_CONVERSION = YES;
				CLANG_WARN_COMMA = YES;
				CLANG_WARN_CONSTANT_CONVERSION = YES;
				CLANG_WARN_DEPRECATED_OBJC_IMPLEMENTATIONS = YES;
				CLANG_WARN_DIRECT_OBJC_ISA_USAGE = YES_ERROR;
				CLANG_WARN_DOCUMENTATION_COMMENTS = YES;
				CLANG_WARN_EMPTY_BODY = YES;
				CLANG_WARN_ENUM_CONVERSION = YES;
				CLANG_WARN_INFINITE_RECURSION = YES;
				CLANG_WARN_INT_CONVERSION = YES;
				CLANG_WARN_NON_LITERAL_NULL_CONVERSION = YES;
				CLANG_WARN_OBJC_IMPLICIT_RETAIN_SELF = YES;
				CLANG_WARN_OBJC_LITERAL_CONVERSION = YES;
				CLANG_WARN_OBJC_ROOT_CLASS = YES_ERROR;
				CLANG_WARN_QUOTED_INCLUDE_IN_FRAMEWORK_HEADER = YES;
				CLANG_WARN_RANGE_LOOP_ANALYSIS = YES;
				CLANG_WARN_STRICT_PROTOTYPES = YES;
				CLANG_WARN_SUSPICIOUS_MOVE = YES;
				CLANG_WARN_UNGUARDED_AVAILABILITY = YES_AGGRESSIVE;
				CLANG_WARN_UNREACHABLE_CODE = YES;
				CLANG_WARN__DUPLICATE_METHOD_MATCH = YES;
				COPY_PHASE_STRIP = NO;
				DEBUG_INFORMATION_FORMAT = "dwarf-with-dsym";
				ENABLE_NS_ASSERTIONS = NO;
				ENABLE_STRICT_OBJC_MSGSEND = YES;
				GCC_C_LANGUAGE_STANDARD = gnu11;
				GCC_NO_COMMON_BLOCKS = YES;
				GCC_WARN_64_TO_32_BIT_CONVERSION = YES;
				GCC_WARN_ABOUT_RETURN_TYPE = YES_ERROR;
				GCC_WARN_UNDECLARED_SELECTOR = YES;
				GCC_WARN_UNINITIALIZED_AUTOS = YES_AGGRESSIVE;
				GCC_WARN_UNUSED_FUNCTION = YES;
				GCC_WARN_UNUSED_VARIABLE = YES;
				IPHONEOS_DEPLOYMENT_TARGET = 15.4;
				MTL_ENABLE_DEBUG_INFO = NO;
				MTL_FAST_MATH = YES;
				SDKROOT = iphoneos;
				SWIFT_COMPILATION_MODE = wholemodule;
				SWIFT_OPTIMIZATION_LEVEL = "-O";
				VALIDATE_PRODUCT = YES;
			};
			name = Release;
		};
		BA453B5828029D1F00391C29 /* Debug */ = {
			isa = XCBuildConfiguration;
			buildSettings = {
				ASSETCATALOG_COMPILER_APPICON_NAME = AppIcon;
				ASSETCATALOG_COMPILER_GLOBAL_ACCENT_COLOR_NAME = AccentColor;
				CODE_SIGN_ENTITLEMENTS = a202apns/a202apns.entitlements;
				CODE_SIGN_STYLE = Automatic;
				CURRENT_PROJECT_VERSION = 1;
				DEVELOPMENT_TEAM = XSVW22JPST;
				GENERATE_INFOPLIST_FILE = YES;
				INFOPLIST_FILE = a202apns/Info.plist;
				INFOPLIST_KEY_UIApplicationSupportsIndirectInputEvents = YES;
				INFOPLIST_KEY_UILaunchStoryboardName = LaunchScreen;
				INFOPLIST_KEY_UIMainStoryboardFile = Main;
				INFOPLIST_KEY_UISupportedInterfaceOrientations_iPad = "UIInterfaceOrientationPortrait UIInterfaceOrientationPortraitUpsideDown UIInterfaceOrientationLandscapeLeft UIInterfaceOrientationLandscapeRight";
				INFOPLIST_KEY_UISupportedInterfaceOrientations_iPhone = "UIInterfaceOrientationPortrait UIInterfaceOrientationLandscapeLeft UIInterfaceOrientationLandscapeRight";
				LD_RUNPATH_SEARCH_PATHS = (
					"$(inherited)",
					"@executable_path/Frameworks",
				);
				MARKETING_VERSION = 1.0;
				PRODUCT_BUNDLE_IDENTIFIER = sjw.idv.a202apns;
				PRODUCT_NAME = "$(TARGET_NAME)";
				SWIFT_EMIT_LOC_STRINGS = YES;
				SWIFT_VERSION = 5.0;
				TARGETED_DEVICE_FAMILY = "1,2";
			};
			name = Debug;
		};
		BA453B5928029D1F00391C29 /* Release */ = {
			isa = XCBuildConfiguration;
			buildSettings = {
				ASSETCATALOG_COMPILER_APPICON_NAME = AppIcon;
				ASSETCATALOG_COMPILER_GLOBAL_ACCENT_COLOR_NAME = AccentColor;
				CODE_SIGN_ENTITLEMENTS = a202apns/a202apns.entitlements;
				CODE_SIGN_STYLE = Automatic;
				CURRENT_PROJECT_VERSION = 1;
				DEVELOPMENT_TEAM = XSVW22JPST;
				GENERATE_INFOPLIST_FILE = YES;
				INFOPLIST_FILE = a202apns/Info.plist;
				INFOPLIST_KEY_UIApplicationSupportsIndirectInputEvents = YES;
				INFOPLIST_KEY_UILaunchStoryboardName = LaunchScreen;
				INFOPLIST_KEY_UIMainStoryboardFile = Main;
				INFOPLIST_KEY_UISupportedInterfaceOrientations_iPad = "UIInterfaceOrientationPortrait UIInterfaceOrientationPortraitUpsideDown UIInterfaceOrientationLandscapeLeft UIInterfaceOrientationLandscapeRight";
				INFOPLIST_KEY_UISupportedInterfaceOrientations_iPhone = "UIInterfaceOrientationPortrait UIInterfaceOrientationLandscapeLeft UIInterfaceOrientationLandscapeRight";
				LD_RUNPATH_SEARCH_PATHS = (
					"$(inherited)",
					"@executable_path/Frameworks",
				);
				MARKETING_VERSION = 1.0;
				PRODUCT_BUNDLE_IDENTIFIER = sjw.idv.a202apns;
				PRODUCT_NAME = "$(TARGET_NAME)";
				SWIFT_EMIT_LOC_STRINGS = YES;
				SWIFT_VERSION = 5.0;
				TARGETED_DEVICE_FAMILY = "1,2";
			};
			name = Release;
		};
/* End XCBuildConfiguration section */

/* Begin XCConfigurationList section */
		BA453B3E28029D1E00391C29 /* Build configuration list for PBXProject "a202apns" */ = {
			isa = XCConfigurationList;
			buildConfigurations = (
				BA453B5528029D1F00391C29 /* Debug */,
				BA453B5628029D1F00391C29 /* Release */,
			);
			defaultConfigurationIsVisible = 0;
			defaultConfigurationName = Release;
		};
		BA453B5728029D1F00391C29 /* Build configuration list for PBXNativeTarget "a202apns" */ = {
			isa = XCConfigurationList;
			buildConfigurations = (
				BA453B5828029D1F00391C29 /* Debug */,
				BA453B5928029D1F00391C29 /* Release */,
			);
			defaultConfigurationIsVisible = 0;
			defaultConfigurationName = Release;
		};
/* End XCConfigurationList section */

/* Begin XCRemoteSwiftPackageReference section */
		BA453B5C28029DBC00391C29 /* XCRemoteSwiftPackageReference "firebase-ios-sdk" */ = {
			isa = XCRemoteSwiftPackageReference;
			repositoryURL = "https://github.com/firebase/firebase-ios-sdk";
			requirement = {
				kind = upToNextMajorVersion;
				minimumVersion = 8.0.0;
			};
		};
/* End XCRemoteSwiftPackageReference section */

/* Begin XCSwiftPackageProductDependency section */
		BA453B5D28029DBC00391C29 /* FirebaseAnalytics */ = {
			isa = XCSwiftPackageProductDependency;
			package = BA453B5C28029DBC00391C29 /* XCRemoteSwiftPackageReference "firebase-ios-sdk" */;
			productName = FirebaseAnalytics;
		};
		BA453B5F28029DBC00391C29 /* FirebaseAuth */ = {
			isa = XCSwiftPackageProductDependency;
			package = BA453B5C28029DBC00391C29 /* XCRemoteSwiftPackageReference "firebase-ios-sdk" */;
			productName = FirebaseAuth;
		};
		BA453B6128029DBC00391C29 /* FirebaseMessaging */ = {
			isa = XCSwiftPackageProductDependency;
			package = BA453B5C28029DBC00391C29 /* XCRemoteSwiftPackageReference "firebase-ios-sdk" */;
			productName = FirebaseMessaging;
		};
/* End XCSwiftPackageProductDependency section */
	};
	rootObject = BA453B3B28029D1E00391C29 /* Project object */;
}
